
Microsoft Visual Studio Solution File, Format Version 10.00
# Visual Studio 2008
Project("{8BC9CEB8-8B4A-11D0-8D11-00A0C91BC942}") = "app", "app\app.vcproj", "{86931DA8-4282-4296-8C8D-5367F2C4FBEA}"
	ProjectSection(ProjectDependencies) = postProject
		{E2FAF345-8481-4A25-A076-65A1EA3B8D37} = {E2FAF345-8481-4A25-A076-65A1EA3B8D37}
	EndProjectSection
EndProject
Project("{8BC9CEB8-8B4A-11D0-8D11-00A0C91BC942}") = "BoardApi", "BoardApi\BoardApi.vcproj", "{E2FAF345-8481-4A25-A076-65A1EA3B8D37}"
EndProject
Global
	GlobalSection(SolutionConfigurationPlatforms) = preSolution
		Debug|Win32 = Debug|Win32
		Release|Win32 = Release|Win32
	EndGlobalSection
	GlobalSection(ProjectConfigurationPlatforms) = postSolution
		{86931DA8-4282-4296-8C8D-5367F2C4FBEA}.Debug|Win32.ActiveCfg = Debug|Win32
		{86931DA8-4282-4296-8C8D-5367F2C4FBEA}.Debug|Win32.Build.0 = Debug|Win32
		{86931DA8-4282-4296-8C8D-5367F2C4FBEA}.Release|Win32.ActiveCfg = Release|Win32
		{86931DA8-4282-4296-8C8D-5367F2C4FBEA}.Release|Win32.Build.0 = Release|Win32
		{E2FAF345-8481-4A25-A076-65A1EA3B8D37}.Debug|Win32.ActiveCfg = Debug|Win32
		{E2FAF345-8481-4A25-A076-65A1EA3B8D37}.Debug|Win32.Build.0 = Debug|Win32
		{E2FAF345-8481-4A25-A076-65A1EA3B8D37}.Release|Win32.ActiveCfg = Release|Win32
		{E2FAF345-8481-4A25-A076-65A1EA3B8D37}.Release|Win32.Build.0 = Release|Win32
	EndGlobalSection
	GlobalSection(SolutionProperties) = preSolution
		HideSolutionNode = FALSE
	EndGlobalSection
EndGlobal
