
Microsoft Visual Studio Solution File, Format Version 9.00
# Visual Studio 2005
Project("{8BC9CEB8-8B4A-11D0-8D11-00A0C91BC942}") = "uartassistant", "GasInfo\uartassistant.vcproj", "{0C2D05F6-63FB-4B71-9518-C06E6D60433E}"
EndProject
Global
	GlobalSection(SolutionConfigurationPlatforms) = preSolution
		Debug|Win32 = Debug|Win32
		Release|Win32 = Release|Win32
	EndGlobalSection
	GlobalSection(ProjectConfigurationPlatforms) = postSolution
		{0C2D05F6-63FB-4B71-9518-C06E6D60433E}.Debug|Win32.ActiveCfg = Debug|Win32
		{0C2D05F6-63FB-4B71-9518-C06E6D60433E}.Debug|Win32.Build.0 = Debug|Win32
		{0C2D05F6-63FB-4B71-9518-C06E6D60433E}.Release|Win32.ActiveCfg = Release|Win32
		{0C2D05F6-63FB-4B71-9518-C06E6D60433E}.Release|Win32.Build.0 = Release|Win32
	EndGlobalSection
	GlobalSection(SolutionProperties) = preSolution
		HideSolutionNode = FALSE
	EndGlobalSection
EndGlobal
